// !$*UTF8*$!
{
	archiveVersion = 1;
	classes = {
	};
	objectVersion = 55;
	objects = {

/* Begin PBXBuildFile section */
		5A0B603B278AD8D1002E328D /* AppDelegate.swift in Sources */ = {isa = PBXBuildFile; fileRef = 5A0B603A278AD8D1002E328D /* AppDelegate.swift */; };
		5A0B603D278AD8D1002E328D /* SceneDelegate.swift in Sources */ = {isa = PBXBuildFile; fileRef = 5A0B603C278AD8D1002E328D /* SceneDelegate.swift */; };
		5A0B603F278AD8D1002E328D /* ViewController.swift in Sources */ = {isa = PBXBuildFile; fileRef = 5A0B603E278AD8D1002E328D /* ViewController.swift */; };
		5A0B6042278AD8D1002E328D /* Main.storyboard in Resources */ = {isa = PBXBuildFile; fileRef = 5A0B6040278AD8D1002E328D /* Main.storyboard */; };
		5A0B6045278AD8D1002E328D /* RomanCalculator.xcdatamodeld in Sources */ = {isa = PBXBuildFile; fileRef = 5A0B6043278AD8D1002E328D /* RomanCalculator.xcdatamodeld */; };
		5A0B6047278AD8D2002E328D /* Assets.xcassets in Resources */ = {isa = PBXBuildFile; fileRef = 5A0B6046278AD8D2002E328D /* Assets.xcassets */; };
		5A0B604A278AD8D2002E328D /* LaunchScreen.storyboard in Resources */ = {isa = PBXBuildFile; fileRef = 5A0B6048278AD8D2002E328D /* LaunchScreen.storyboard */; };
		5A0B6052278ADA09002E328D /* FavoriteViewController.swift in Sources */ = {isa = PBXBuildFile; fileRef = 5A0B6051278ADA09002E328D /* FavoriteViewController.swift */; };
/* End PBXBuildFile section */

/* Begin PBXFileReference section */
		5A0B6037278AD8D1002E328D /* RomanCalculator.app */ = {isa = PBXFileReference; explicitFileType = wrapper.application; includeInIndex = 0; path = RomanCalculator.app; sourceTree = BUILT_PRODUCTS_DIR; };
		5A0B603A278AD8D1002E328D /* AppDelegate.swift */ = {isa = PBXFileReference; lastKnownFileType = sourcecode.swift; path = AppDelegate.swift; sourceTree = "<group>"; };
		5A0B603C278AD8D1002E328D /* SceneDelegate.swift */ = {isa = PBXFileReference; lastKnownFileType = sourcecode.swift; path = SceneDelegate.swift; sourceTree = "<group>"; };
		5A0B603E278AD8D1002E328D /* ViewController.swift */ = {isa = PBXFileReference; lastKnownFileType = sourcecode.swift; path = ViewController.swift; sourceTree = "<group>"; };
		5A0B6041278AD8D1002E328D /* Base */ = {isa = PBXFileReference; lastKnownFileType = file.storyboard; name = Base; path = Base.lproj/Main.storyboard; sourceTree = "<group>"; };
		5A0B6044278AD8D1002E328D /* RomanCalculator.xcdatamodel */ = {isa = PBXFileReference; lastKnownFileType = wrapper.xcdatamodel; path = RomanCalculator.xcdatamodel; sourceTree = "<group>"; };
		5A0B6046278AD8D2002E328D /* Assets.xcassets */ = {isa = PBXFileReference; lastKnownFileType = folder.assetcatalog; path = Assets.xcassets; sourceTree = "<group>"; };
		5A0B6049278AD8D2002E328D /* Base */ = {isa = PBXFileReference; lastKnownFileType = file.storyboard; name = Base; path = Base.lproj/LaunchScreen.storyboard; sourceTree = "<group>"; };
		5A0B604B278AD8D2002E328D /* Info.plist */ = {isa = PBXFileReference; lastKnownFileType = text.plist.xml; path = Info.plist; sourceTree = "<group>"; };
		5A0B6051278ADA09002E328D /* FavoriteViewController.swift */ = {isa = PBXFileReference; lastKnownFileType = sourcecode.swift; path = FavoriteViewController.swift; sourceTree = "<group>"; };
/* End PBXFileReference section */

/* Begin PBXFrameworksBuildPhase section */
		5A0B6034278AD8D1002E328D /* Frameworks */ = {
			isa = PBXFrameworksBuildPhase;
			buildActionMask = 2147483647;
			files = (
			);
			runOnlyForDeploymentPostprocessing = 0;
		};
/* End PBXFrameworksBuildPhase section */

/* Begin PBXGroup section */
		5A0B602E278AD8D1002E328D = {
			isa = PBXGroup;
			children = (
				5A0B6039278AD8D1002E328D /* RomanCalculator */,
				5A0B6038278AD8D1002E328D /* Products */,
			);
			sourceTree = "<group>";
		};
		5A0B6038278AD8D1002E328D /* Products */ = {
			isa = PBXGroup;
			children = (
				5A0B6037278AD8D1002E328D /* RomanCalculator.app */,
			);
			name = Products;
			sourceTree = "<group>";
		};
		5A0B6039278AD8D1002E328D /* RomanCalculator */ = {
			isa = PBXGroup;
			children = (
				5A0B6051278ADA09002E328D /* FavoriteViewController.swift */,
				5A0B603A278AD8D1002E328D /* AppDelegate.swift */,
				5A0B603C278AD8D1002E328D /* SceneDelegate.swift */,
				5A0B603E278AD8D1002E328D /* ViewController.swift */,
				5A0B6040278AD8D1002E328D /* Main.storyboard */,
				5A0B6046278AD8D2002E328D /* Assets.xcassets */,
				5A0B6048278AD8D2002E328D /* LaunchScreen.storyboard */,
				5A0B604B278AD8D2002E328D /* Info.plist */,
				5A0B6043278AD8D1002E328D /* RomanCalculator.xcdatamodeld */,
			);
			path = RomanCalculator;
			sourceTree = "<group>";
		};
/* End PBXGroup section */

/* Begin PBXNativeTarget section */
		5A0B6036278AD8D1002E328D /* RomanCalculator */ = {
			isa = PBXNativeTarget;
			buildConfigurationList = 5A0B604E278AD8D2002E328D /* Build configuration list for PBXNativeTarget "RomanCalculator" */;
			buildPhases = (
				5A0B6033278AD8D1002E328D /* Sources */,
				5A0B6034278AD8D1002E328D /* Frameworks */,
				5A0B6035278AD8D1002E328D /* Resources */,
			);
			buildRules = (
			);
			dependencies = (
			);
			name = RomanCalculator;
			productName = RomanCalculator;
			productReference = 5A0B6037278AD8D1002E328D /* RomanCalculator.app */;
			productType = "com.apple.product-type.application";
		};
/* End PBXNativeTarget section */

/* Begin PBXProject section */
		5A0B602F278AD8D1002E328D /* Project object */ = {
			isa = PBXProject;
			attributes = {
				BuildIndependentTargetsInParallel = 1;
				LastSwiftUpdateCheck = 1320;
				LastUpgradeCheck = 1320;
				TargetAttributes = {
					5A0B6036278AD8D1002E328D = {
						CreatedOnToolsVersion = 13.2.1;
					};
				};
			};
			buildConfigurationList = 5A0B6032278AD8D1002E328D /* Build configuration list for PBXProject "RomanCalculator" */;
			compatibilityVersion = "Xcode 13.0";
			developmentRegion = en;
			hasScannedForEncodings = 0;
			knownRegions = (
				en,
				Base,
			);
			mainGroup = 5A0B602E278AD8D1002E328D;
			productRefGroup = 5A0B6038278AD8D1002E328D /* Products */;
			projectDirPath = "";
			projectRoot = "";
			targets = (
				5A0B6036278AD8D1002E328D /* RomanCalculator */,
			);
		};
/* End PBXProject section */

/* Begin PBXResourcesBuildPhase section */
		5A0B6035278AD8D1002E328D /* Resources */ = {
			isa = PBXResourcesBuildPhase;
			buildActionMask = 2147483647;
			files = (
				5A0B604A278AD8D2002E328D /* LaunchScreen.storyboard in Resources */,
				5A0B6047278AD8D2002E328D /* Assets.xcassets in Resources */,
				5A0B6042278AD8D1002E328D /* Main.storyboard in Resources */,
			);
			runOnlyForDeploymentPostprocessing = 0;
		};
/* End PBXResourcesBuildPhase section */

/* Begin PBXSourcesBuildPhase section */
		5A0B6033278AD8D1002E328D /* Sources */ = {
			isa = PBXSourcesBuildPhase;
			buildActionMask = 2147483647;
			files = (
				5A0B603F278AD8D1002E328D /* ViewController.swift in Sources */,
				5A0B603B278AD8D1002E328D /* AppDelegate.swift in Sources */,
				5A0B603D278AD8D1002E328D /* SceneDelegate.swift in Sources */,
				5A0B6045278AD8D1002E328D /* RomanCalculator.xcdatamodeld in Sources */,
				5A0B6052278ADA09002E328D /* FavoriteViewController.swift in Sources */,
			);
			runOnlyForDeploymentPostprocessing = 0;
		};
/* End PBXSourcesBuildPhase section */

/* Begin PBXVariantGroup section */
		5A0B6040278AD8D1002E328D /* Main.storyboard */ = {
			isa = PBXVariantGroup;
			children = (
				5A0B6041278AD8D1002E328D /* Base */,
			);
			name = Main.storyboard;
			sourceTree = "<group>";
		};
		5A0B6048278AD8D2002E328D /* LaunchScreen.storyboard */ = {
			isa = PBXVariantGroup;
			children = (
				5A0B6049278AD8D2002E328D /* Base */,
			);
			name = LaunchScreen.storyboard;
			sourceTree = "<group>";
		};
/* End PBXVariantGroup section */

/* Begin XCBuildConfiguration section */
		5A0B604C278AD8D2002E328D /* Debug */ = {
			isa = XCBuildConfiguration;
			buildSettings = {
				ALWAYS_SEARCH_USER_PATHS = NO;
				CLANG_ANALYZER_NONNULL = YES;
				CLANG_ANALYZER_NUMBER_OBJECT_CONVERSION = YES_AGGRESSIVE;
				CLANG_CXX_LANGUAGE_STANDARD = "gnu++17";
				CLANG_CXX_LIBRARY = "libc++";
				CLANG_ENABLE_MODULES = YES;
				CLANG_ENABLE_OBJC_ARC = YES;
				CLANG_ENABLE_OBJC_WEAK = YES;
				CLANG_WARN_BLOCK_CAPTURE_AUTORELEASING = YES;
				CLANG_WARN_BOOL_CONVERSION = YES;
				CLANG_WARN_COMMA = YES;
				CLANG_WARN_CONSTANT_CONVERSION = YES;
				CLANG_WARN_DEPRECATED_OBJC_IMPLEMENTATIONS = YES;
				CLANG_WARN_DIRECT_OBJC_ISA_USAGE = YES_ERROR;
				CLANG_WARN_DOCUMENTATION_COMMENTS = YES;
				CLANG_WARN_EMPTY_BODY = YES;
				CLANG_WARN_ENUM_CONVERSION = YES;
				CLANG_WARN_INFINITE_RECURSION = YES;
				CLANG_WARN_INT_CONVERSION = YES;
				CLANG_WARN_NON_LITERAL_NULL_CONVERSION = YES;
				CLANG_WARN_OBJC_IMPLICIT_RETAIN_SELF = YES;
				CLANG_WARN_OBJC_LITERAL_CONVERSION = YES;
				CLANG_WARN_OBJC_ROOT_CLASS = YES_ERROR;
				CLANG_WARN_QUOTED_INCLUDE_IN_FRAMEWORK_HEADER = YES;
				CLANG_WARN_RANGE_LOOP_ANALYSIS = YES;
				CLANG_WARN_STRICT_PROTOTYPES = YES;
				CLANG_WARN_SUSPICIOUS_MOVE = YES;
				CLANG_WARN_UNGUARDED_AVAILABILITY = YES_AGGRESSIVE;
				CLANG_WARN_UNREACHABLE_CODE = YES;
				CLANG_WARN__DUPLICATE_METHOD_MATCH = YES;
				COPY_PHASE_STRIP = NO;
				DEBUG_INFORMATION_FORMAT = dwarf;
				ENABLE_STRICT_OBJC_MSGSEND = YES;
				ENABLE_TESTABILITY = YES;
				GCC_C_LANGUAGE_STANDARD = gnu11;
				GCC_DYNAMIC_NO_PIC = NO;
				GCC_NO_COMMON_BLOCKS = YES;
				GCC_OPTIMIZATION_LEVEL = 0;
				GCC_PREPROCESSOR_DEFINITIONS = (
					"DEBUG=1",
					"$(inherited)",
				);
				GCC_WARN_64_TO_32_BIT_CONVERSION = YES;
				GCC_WARN_ABOUT_RETURN_TYPE = YES_ERROR;
				GCC_WARN_UNDECLARED_SELECTOR = YES;
				GCC_WARN_UNINITIALIZED_AUTOS = YES_AGGRESSIVE;
				GCC_WARN_UNUSED_FUNCTION = YES;
				GCC_WARN_UNUSED_VARIABLE = YES;
				IPHONEOS_DEPLOYMENT_TARGET = 15.2;
				MTL_ENABLE_DEBUG_INFO = INCLUDE_SOURCE;
				MTL_FAST_MATH = YES;
				ONLY_ACTIVE_ARCH = YES;
				SDKROOT = iphoneos;
				SWIFT_ACTIVE_COMPILATION_CONDITIONS = DEBUG;
				SWIFT_OPTIMIZATION_LEVEL = "-Onone";
			};
			name = Debug;
		};
		5A0B604D278AD8D2002E328D /* Release */ = {
			isa = XCBuildConfiguration;
			buildSettings = {
				ALWAYS_SEARCH_USER_PATHS = NO;
				CLANG_ANALYZER_NONNULL = YES;
				CLANG_ANALYZER_NUMBER_OBJECT_CONVERSION = YES_AGGRESSIVE;
				CLANG_CXX_LANGUAGE_STANDARD = "gnu++17";
				CLANG_CXX_LIBRARY = "libc++";
				CLANG_ENABLE_MODULES = YES;
				CLANG_ENABLE_OBJC_ARC = YES;
				CLANG_ENABLE_OBJC_WEAK = YES;
				CLANG_WARN_BLOCK_CAPTURE_AUTORELEASING = YES;
				CLANG_WARN_BOOL_CONVERSION = YES;
				CLANG_WARN_COMMA = YES;
				CLANG_WARN_CONSTANT_CONVERSION = YES;
				CLANG_WARN_DEPRECATED_OBJC_IMPLEMENTATIONS = YES;
				CLANG_WARN_DIRECT_OBJC_ISA_USAGE = YES_ERROR;
				CLANG_WARN_DOCUMENTATION_COMMENTS = YES;
				CLANG_WARN_EMPTY_BODY = YES;
				CLANG_WARN_ENUM_CONVERSION = YES;
				CLANG_WARN_INFINITE_RECURSION = YES;
				CLANG_WARN_INT_CONVERSION = YES;
				CLANG_WARN_NON_LITERAL_NULL_CONVERSION = YES;
				CLANG_WARN_OBJC_IMPLICIT_RETAIN_SELF = YES;
				CLANG_WARN_OBJC_LITERAL_CONVERSION = YES;
				CLANG_WARN_OBJC_ROOT_CLASS = YES_ERROR;
				CLANG_WARN_QUOTED_INCLUDE_IN_FRAMEWORK_HEADER = YES;
				CLANG_WARN_RANGE_LOOP_ANALYSIS = YES;
				CLANG_WARN_STRICT_PROTOTYPES = YES;
				CLANG_WARN_SUSPICIOUS_MOVE = YES;
				CLANG_WARN_UNGUARDED_AVAILABILITY = YES_AGGRESSIVE;
				CLANG_WARN_UNREACHABLE_CODE = YES;
				CLANG_WARN__DUPLICATE_METHOD_MATCH = YES;
				COPY_PHASE_STRIP = NO;
				DEBUG_INFORMATION_FORMAT = "dwarf-with-dsym";
				ENABLE_NS_ASSERTIONS = NO;
				ENABLE_STRICT_OBJC_MSGSEND = YES;
				GCC_C_LANGUAGE_STANDARD = gnu11;
				GCC_NO_COMMON_BLOCKS = YES;
				GCC_WARN_64_TO_32_BIT_CONVERSION = YES;
				GCC_WARN_ABOUT_RETURN_TYPE = YES_ERROR;
				GCC_WARN_UNDECLARED_SELECTOR = YES;
				GCC_WARN_UNINITIALIZED_AUTOS = YES_AGGRESSIVE;
				GCC_WARN_UNUSED_FUNCTION = YES;
				GCC_WARN_UNUSED_VARIABLE = YES;
				IPHONEOS_DEPLOYMENT_TARGET = 15.2;
				MTL_ENABLE_DEBUG_INFO = NO;
				MTL_FAST_MATH = YES;
				SDKROOT = iphoneos;
				SWIFT_COMPILATION_MODE = wholemodule;
				SWIFT_OPTIMIZATION_LEVEL = "-O";
				VALIDATE_PRODUCT = YES;
			};
			name = Release;
		};
		5A0B604F278AD8D2002E328D /* Debug */ = {
			isa = XCBuildConfiguration;
			buildSettings = {
				ASSETCATALOG_COMPILER_APPICON_NAME = AppIcon;
				ASSETCATALOG_COMPILER_GLOBAL_ACCENT_COLOR_NAME = AccentColor;
				CODE_SIGN_STYLE = Automatic;
				CURRENT_PROJECT_VERSION = 1;
				DEVELOPMENT_TEAM = KGSBA437ST;
				GENERATE_INFOPLIST_FILE = YES;
				INFOPLIST_FILE = RomanCalculator/Info.plist;
				INFOPLIST_KEY_UIApplicationSupportsIndirectInputEvents = YES;
				INFOPLIST_KEY_UILaunchStoryboardName = LaunchScreen;
				INFOPLIST_KEY_UIMainStoryboardFile = Main;
				INFOPLIST_KEY_UISupportedInterfaceOrientations_iPad = "UIInterfaceOrientationPortrait UIInterfaceOrientationPortraitUpsideDown UIInterfaceOrientationLandscapeLeft UIInterfaceOrientationLandscapeRight";
				INFOPLIST_KEY_UISupportedInterfaceOrientations_iPhone = "UIInterfaceOrientationPortrait UIInterfaceOrientationLandscapeLeft UIInterfaceOrientationLandscapeRight";
				LD_RUNPATH_SEARCH_PATHS = (
					"$(inherited)",
					"@executable_path/Frameworks",
				);
				MARKETING_VERSION = 1.0;
				PRODUCT_BUNDLE_IDENTIFIER = com.aardaisenkul.RomanCalculator;
				PRODUCT_NAME = "$(TARGET_NAME)";
				SWIFT_EMIT_LOC_STRINGS = YES;
				SWIFT_VERSION = 5.0;
				TARGETED_DEVICE_FAMILY = "1,2";
			};
			name = Debug;
		};
		5A0B6050278AD8D2002E328D /* Release */ = {
			isa = XCBuildConfiguration;
			buildSettings = {
				ASSETCATALOG_COMPILER_APPICON_NAME = AppIcon;
				ASSETCATALOG_COMPILER_GLOBAL_ACCENT_COLOR_NAME = AccentColor;
				CODE_SIGN_STYLE = Automatic;
				CURRENT_PROJECT_VERSION = 1;
				DEVELOPMENT_TEAM = KGSBA437ST;
				GENERATE_INFOPLIST_FILE = YES;
				INFOPLIST_FILE = RomanCalculator/Info.plist;
				INFOPLIST_KEY_UIApplicationSupportsIndirectInputEvents = YES;
				INFOPLIST_KEY_UILaunchStoryboardName = LaunchScreen;
				INFOPLIST_KEY_UIMainStoryboardFile = Main;
				INFOPLIST_KEY_UISupportedInterfaceOrientations_iPad = "UIInterfaceOrientationPortrait UIInterfaceOrientationPortraitUpsideDown UIInterfaceOrientationLandscapeLeft UIInterfaceOrientationLandscapeRight";
				INFOPLIST_KEY_UISupportedInterfaceOrientations_iPhone = "UIInterfaceOrientationPortrait UIInterfaceOrientationLandscapeLeft UIInterfaceOrientationLandscapeRight";
				LD_RUNPATH_SEARCH_PATHS = (
					"$(inherited)",
					"@executable_path/Frameworks",
				);
				MARKETING_VERSION = 1.0;
				PRODUCT_BUNDLE_IDENTIFIER = com.aardaisenkul.RomanCalculator;
				PRODUCT_NAME = "$(TARGET_NAME)";
				SWIFT_EMIT_LOC_STRINGS = YES;
				SWIFT_VERSION = 5.0;
				TARGETED_DEVICE_FAMILY = "1,2";
			};
			name = Release;
		};
/* End XCBuildConfiguration section */

/* Begin XCConfigurationList section */
		5A0B6032278AD8D1002E328D /* Build configuration list for PBXProject "RomanCalculator" */ = {
			isa = XCConfigurationList;
			buildConfigurations = (
				5A0B604C278AD8D2002E328D /* Debug */,
				5A0B604D278AD8D2002E328D /* Release */,
			);
			defaultConfigurationIsVisible = 0;
			defaultConfigurationName = Release;
		};
		5A0B604E278AD8D2002E328D /* Build configuration list for PBXNativeTarget "RomanCalculator" */ = {
			isa = XCConfigurationList;
			buildConfigurations = (
				5A0B604F278AD8D2002E328D /* Debug */,
				5A0B6050278AD8D2002E328D /* Release */,
			);
			defaultConfigurationIsVisible = 0;
			defaultConfigurationName = Release;
		};
/* End XCConfigurationList section */

/* Begin XCVersionGroup section */
		5A0B6043278AD8D1002E328D /* RomanCalculator.xcdatamodeld */ = {
			isa = XCVersionGroup;
			children = (
				5A0B6044278AD8D1002E328D /* RomanCalculator.xcdatamodel */,
			);
			currentVersion = 5A0B6044278AD8D1002E328D /* RomanCalculator.xcdatamodel */;
			path = RomanCalculator.xcdatamodeld;
			sourceTree = "<group>";
			versionGroupType = wrapper.xcdatamodel;
		};
/* End XCVersionGroup section */
	};
	rootObject = 5A0B602F278AD8D1002E328D /* Project object */;
}
